// !$*UTF8*$!
{
	archiveVersion = 1;
	classes = {
	};
	objectVersion = 56;
	objects = {

/* Begin PBXBuildFile section */
		C431A1744A68725F80C87CB6 /* Pods_To_Do.framework in Frameworks */ = {isa = PBXBuildFile; fileRef = 83753E84CF350339BB1A3D17 /* Pods_To_Do.framework */; };
		F437D1E42C209425005B32DA /* AppDelegate.swift in Sources */ = {isa = PBXBuildFile; fileRef = F437D1E32C209425005B32DA /* AppDelegate.swift */; };
		F437D1E62C209425005B32DA /* SceneDelegate.swift in Sources */ = {isa = PBXBuildFile; fileRef = F437D1E52C209425005B32DA /* SceneDelegate.swift */; };
		F437D1ED2C209427005B32DA /* Assets.xcassets in Resources */ = {isa = PBXBuildFile; fileRef = F437D1EC2C209427005B32DA /* Assets.xcassets */; };
		F437D1F02C209427005B32DA /* LaunchScreen.storyboard in Resources */ = {isa = PBXBuildFile; fileRef = F437D1EE2C209427005B32DA /* LaunchScreen.storyboard */; };
		F437D2002C209914005B32DA /* TabBarViewControllers.swift in Sources */ = {isa = PBXBuildFile; fileRef = F437D1FF2C209914005B32DA /* TabBarViewControllers.swift */; };
		F437D2022C209A0E005B32DA /* AllTasksViewController.swift in Sources */ = {isa = PBXBuildFile; fileRef = F437D2012C209A0E005B32DA /* AllTasksViewController.swift */; };
		F437D2042C209A30005B32DA /* CreateTaskViewController.swift in Sources */ = {isa = PBXBuildFile; fileRef = F437D2032C209A30005B32DA /* CreateTaskViewController.swift */; };
		F437D2082C209C70005B32DA /* TaskTableViewCell.swift in Sources */ = {isa = PBXBuildFile; fileRef = F437D2072C209C70005B32DA /* TaskTableViewCell.swift */; };
		F437D20A2C2151F8005B32DA /* TaskModel.swift in Sources */ = {isa = PBXBuildFile; fileRef = F437D2092C2151F8005B32DA /* TaskModel.swift */; };
		F4FB40C02C218FE400055A9A /* GoogleService-Info.plist in Resources */ = {isa = PBXBuildFile; fileRef = F4FB40BF2C218FE400055A9A /* GoogleService-Info.plist */; };
		F4FB41042C21DF5900055A9A /* TaskManager.swift in Sources */ = {isa = PBXBuildFile; fileRef = F4FB41032C21DF5900055A9A /* TaskManager.swift */; };
/* End PBXBuildFile section */

/* Begin PBXFileReference section */
		83753E84CF350339BB1A3D17 /* Pods_To_Do.framework */ = {isa = PBXFileReference; explicitFileType = wrapper.framework; includeInIndex = 0; path = Pods_To_Do.framework; sourceTree = BUILT_PRODUCTS_DIR; };
		9B1312221D760CB6038D960A /* Pods-To-Do.debug.xcconfig */ = {isa = PBXFileReference; includeInIndex = 1; lastKnownFileType = text.xcconfig; name = "Pods-To-Do.debug.xcconfig"; path = "Target Support Files/Pods-To-Do/Pods-To-Do.debug.xcconfig"; sourceTree = "<group>"; };
		DB17F5D0BC0FD5739A0C25C9 /* Pods-To-Do.release.xcconfig */ = {isa = PBXFileReference; includeInIndex = 1; lastKnownFileType = text.xcconfig; name = "Pods-To-Do.release.xcconfig"; path = "Target Support Files/Pods-To-Do/Pods-To-Do.release.xcconfig"; sourceTree = "<group>"; };
		F437D1E02C209425005B32DA /* To-Do.app */ = {isa = PBXFileReference; explicitFileType = wrapper.application; includeInIndex = 0; path = "To-Do.app"; sourceTree = BUILT_PRODUCTS_DIR; };
		F437D1E32C209425005B32DA /* AppDelegate.swift */ = {isa = PBXFileReference; lastKnownFileType = sourcecode.swift; path = AppDelegate.swift; sourceTree = "<group>"; };
		F437D1E52C209425005B32DA /* SceneDelegate.swift */ = {isa = PBXFileReference; lastKnownFileType = sourcecode.swift; path = SceneDelegate.swift; sourceTree = "<group>"; };
		F437D1EC2C209427005B32DA /* Assets.xcassets */ = {isa = PBXFileReference; lastKnownFileType = folder.assetcatalog; path = Assets.xcassets; sourceTree = "<group>"; };
		F437D1EF2C209427005B32DA /* Base */ = {isa = PBXFileReference; lastKnownFileType = file.storyboard; name = Base; path = Base.lproj/LaunchScreen.storyboard; sourceTree = "<group>"; };
		F437D1F12C209427005B32DA /* Info.plist */ = {isa = PBXFileReference; lastKnownFileType = text.plist.xml; path = Info.plist; sourceTree = "<group>"; };
		F437D1FF2C209914005B32DA /* TabBarViewControllers.swift */ = {isa = PBXFileReference; lastKnownFileType = sourcecode.swift; path = TabBarViewControllers.swift; sourceTree = "<group>"; };
		F437D2012C209A0E005B32DA /* AllTasksViewController.swift */ = {isa = PBXFileReference; lastKnownFileType = sourcecode.swift; path = AllTasksViewController.swift; sourceTree = "<group>"; };
		F437D2032C209A30005B32DA /* CreateTaskViewController.swift */ = {isa = PBXFileReference; lastKnownFileType = sourcecode.swift; path = CreateTaskViewController.swift; sourceTree = "<group>"; };
		F437D2072C209C70005B32DA /* TaskTableViewCell.swift */ = {isa = PBXFileReference; lastKnownFileType = sourcecode.swift; path = TaskTableViewCell.swift; sourceTree = "<group>"; };
		F437D2092C2151F8005B32DA /* TaskModel.swift */ = {isa = PBXFileReference; lastKnownFileType = sourcecode.swift; path = TaskModel.swift; sourceTree = "<group>"; };
		F4FB40BF2C218FE400055A9A /* GoogleService-Info.plist */ = {isa = PBXFileReference; fileEncoding = 4; lastKnownFileType = text.plist.xml; path = "GoogleService-Info.plist"; sourceTree = "<group>"; };
		F4FB41032C21DF5900055A9A /* TaskManager.swift */ = {isa = PBXFileReference; lastKnownFileType = sourcecode.swift; path = TaskManager.swift; sourceTree = "<group>"; };
/* End PBXFileReference section */

/* Begin PBXFrameworksBuildPhase section */
		F437D1DD2C209425005B32DA /* Frameworks */ = {
			isa = PBXFrameworksBuildPhase;
			buildActionMask = 2147483647;
			files = (
				C431A1744A68725F80C87CB6 /* Pods_To_Do.framework in Frameworks */,
			);
			runOnlyForDeploymentPostprocessing = 0;
		};
/* End PBXFrameworksBuildPhase section */

/* Begin PBXGroup section */
		76A8EEEF84E2424B847E99B5 /* Pods */ = {
			isa = PBXGroup;
			children = (
				9B1312221D760CB6038D960A /* Pods-To-Do.debug.xcconfig */,
				DB17F5D0BC0FD5739A0C25C9 /* Pods-To-Do.release.xcconfig */,
			);
			path = Pods;
			sourceTree = "<group>";
		};
		BC556EE3504A107D61F793E4 /* Frameworks */ = {
			isa = PBXGroup;
			children = (
				83753E84CF350339BB1A3D17 /* Pods_To_Do.framework */,
			);
			name = Frameworks;
			sourceTree = "<group>";
		};
		F437D1D72C209424005B32DA = {
			isa = PBXGroup;
			children = (
				F437D1E22C209425005B32DA /* To-Do */,
				F437D1E12C209425005B32DA /* Products */,
				76A8EEEF84E2424B847E99B5 /* Pods */,
				BC556EE3504A107D61F793E4 /* Frameworks */,
			);
			sourceTree = "<group>";
		};
		F437D1E12C209425005B32DA /* Products */ = {
			isa = PBXGroup;
			children = (
				F437D1E02C209425005B32DA /* To-Do.app */,
			);
			name = Products;
			sourceTree = "<group>";
		};
		F437D1E22C209425005B32DA /* To-Do */ = {
			isa = PBXGroup;
			children = (
				F437D1E32C209425005B32DA /* AppDelegate.swift */,
				F437D1E52C209425005B32DA /* SceneDelegate.swift */,
				F4FB41052C21E19C00055A9A /* Model */,
				F4FB41072C21E2F000055A9A /* Controller */,
				F4FB41062C21E2AB00055A9A /* Resources */,
			);
			path = "To-Do";
			sourceTree = "<group>";
		};
		F4FB41052C21E19C00055A9A /* Model */ = {
			isa = PBXGroup;
			children = (
				F437D2092C2151F8005B32DA /* TaskModel.swift */,
				F4FB41032C21DF5900055A9A /* TaskManager.swift */,
			);
			path = Model;
			sourceTree = "<group>";
		};
		F4FB41062C21E2AB00055A9A /* Resources */ = {
			isa = PBXGroup;
			children = (
				F437D1EC2C209427005B32DA /* Assets.xcassets */,
				F437D1EE2C209427005B32DA /* LaunchScreen.storyboard */,
				F4FB40BF2C218FE400055A9A /* GoogleService-Info.plist */,
				F437D1F12C209427005B32DA /* Info.plist */,
			);
			path = Resources;
			sourceTree = "<group>";
		};
		F4FB41072C21E2F000055A9A /* Controller */ = {
			isa = PBXGroup;
			children = (
				F437D1FF2C209914005B32DA /* TabBarViewControllers.swift */,
				F437D2012C209A0E005B32DA /* AllTasksViewController.swift */,
				F437D2072C209C70005B32DA /* TaskTableViewCell.swift */,
				F437D2032C209A30005B32DA /* CreateTaskViewController.swift */,
			);
			path = Controller;
			sourceTree = "<group>";
		};
/* End PBXGroup section */

/* Begin PBXNativeTarget section */
		F437D1DF2C209425005B32DA /* To-Do */ = {
			isa = PBXNativeTarget;
			buildConfigurationList = F437D1F42C209427005B32DA /* Build configuration list for PBXNativeTarget "To-Do" */;
			buildPhases = (
				00FEE625D8F5EEF9D8182FFC /* [CP] Check Pods Manifest.lock */,
				F437D1DC2C209425005B32DA /* Sources */,
				F437D1DD2C209425005B32DA /* Frameworks */,
				F437D1DE2C209425005B32DA /* Resources */,
			);
			buildRules = (
			);
			dependencies = (
			);
			name = "To-Do";
			productName = "To-Do";
			productReference = F437D1E02C209425005B32DA /* To-Do.app */;
			productType = "com.apple.product-type.application";
		};
/* End PBXNativeTarget section */

/* Begin PBXProject section */
		F437D1D82C209424005B32DA /* Project object */ = {
			isa = PBXProject;
			attributes = {
				BuildIndependentTargetsInParallel = 1;
				LastSwiftUpdateCheck = 1510;
				LastUpgradeCheck = 1510;
				TargetAttributes = {
					F437D1DF2C209425005B32DA = {
						CreatedOnToolsVersion = 15.1;
					};
				};
			};
			buildConfigurationList = F437D1DB2C209424005B32DA /* Build configuration list for PBXProject "To-Do" */;
			compatibilityVersion = "Xcode 14.0";
			developmentRegion = en;
			hasScannedForEncodings = 0;
			knownRegions = (
				en,
				Base,
			);
			mainGroup = F437D1D72C209424005B32DA;
			productRefGroup = F437D1E12C209425005B32DA /* Products */;
			projectDirPath = "";
			projectRoot = "";
			targets = (
				F437D1DF2C209425005B32DA /* To-Do */,
			);
		};
/* End PBXProject section */

/* Begin PBXResourcesBuildPhase section */
		F437D1DE2C209425005B32DA /* Resources */ = {
			isa = PBXResourcesBuildPhase;
			buildActionMask = 2147483647;
			files = (
				F437D1F02C209427005B32DA /* LaunchScreen.storyboard in Resources */,
				F437D1ED2C209427005B32DA /* Assets.xcassets in Resources */,
				F4FB40C02C218FE400055A9A /* GoogleService-Info.plist in Resources */,
			);
			runOnlyForDeploymentPostprocessing = 0;
		};
/* End PBXResourcesBuildPhase section */

/* Begin PBXShellScriptBuildPhase section */
		00FEE625D8F5EEF9D8182FFC /* [CP] Check Pods Manifest.lock */ = {
			isa = PBXShellScriptBuildPhase;
			buildActionMask = 2147483647;
			files = (
			);
			inputFileListPaths = (
			);
			inputPaths = (
				"${PODS_PODFILE_DIR_PATH}/Podfile.lock",
				"${PODS_ROOT}/Manifest.lock",
			);
			name = "[CP] Check Pods Manifest.lock";
			outputFileListPaths = (
			);
			outputPaths = (
				"$(DERIVED_FILE_DIR)/Pods-To-Do-checkManifestLockResult.txt",
			);
			runOnlyForDeploymentPostprocessing = 0;
			shellPath = /bin/sh;
			shellScript = "diff \"${PODS_PODFILE_DIR_PATH}/Podfile.lock\" \"${PODS_ROOT}/Manifest.lock\" > /dev/null\nif [ $? != 0 ] ; then\n    # print error to STDERR\n    echo \"error: The sandbox is not in sync with the Podfile.lock. Run 'pod install' or update your CocoaPods installation.\" >&2\n    exit 1\nfi\n# This output is used by Xcode 'outputs' to avoid re-running this script phase.\necho \"SUCCESS\" > \"${SCRIPT_OUTPUT_FILE_0}\"\n";
			showEnvVarsInLog = 0;
		};
/* End PBXShellScriptBuildPhase section */

/* Begin PBXSourcesBuildPhase section */
		F437D1DC2C209425005B32DA /* Sources */ = {
			isa = PBXSourcesBuildPhase;
			buildActionMask = 2147483647;
			files = (
				F4FB41042C21DF5900055A9A /* TaskManager.swift in Sources */,
				F437D2002C209914005B32DA /* TabBarViewControllers.swift in Sources */,
				F437D2082C209C70005B32DA /* TaskTableViewCell.swift in Sources */,
				F437D20A2C2151F8005B32DA /* TaskModel.swift in Sources */,
				F437D1E42C209425005B32DA /* AppDelegate.swift in Sources */,
				F437D2022C209A0E005B32DA /* AllTasksViewController.swift in Sources */,
				F437D2042C209A30005B32DA /* CreateTaskViewController.swift in Sources */,
				F437D1E62C209425005B32DA /* SceneDelegate.swift in Sources */,
			);
			runOnlyForDeploymentPostprocessing = 0;
		};
/* End PBXSourcesBuildPhase section */

/* Begin PBXVariantGroup section */
		F437D1EE2C209427005B32DA /* LaunchScreen.storyboard */ = {
			isa = PBXVariantGroup;
			children = (
				F437D1EF2C209427005B32DA /* Base */,
			);
			name = LaunchScreen.storyboard;
			sourceTree = "<group>";
		};
/* End PBXVariantGroup section */

/* Begin XCBuildConfiguration section */
		F437D1F22C209427005B32DA /* Debug */ = {
			isa = XCBuildConfiguration;
			buildSettings = {
				ALWAYS_SEARCH_USER_PATHS = NO;
				ASSETCATALOG_COMPILER_GENERATE_SWIFT_ASSET_SYMBOL_EXTENSIONS = YES;
				CLANG_ANALYZER_NONNULL = YES;
				CLANG_ANALYZER_NUMBER_OBJECT_CONVERSION = YES_AGGRESSIVE;
				CLANG_CXX_LANGUAGE_STANDARD = "gnu++20";
				CLANG_ENABLE_MODULES = YES;
				CLANG_ENABLE_OBJC_ARC = YES;
				CLANG_ENABLE_OBJC_WEAK = YES;
				CLANG_WARN_BLOCK_CAPTURE_AUTORELEASING = YES;
				CLANG_WARN_BOOL_CONVERSION = YES;
				CLANG_WARN_COMMA = YES;
				CLANG_WARN_CONSTANT_CONVERSION = YES;
				CLANG_WARN_DEPRECATED_OBJC_IMPLEMENTATIONS = YES;
				CLANG_WARN_DIRECT_OBJC_ISA_USAGE = YES_ERROR;
				CLANG_WARN_DOCUMENTATION_COMMENTS = YES;
				CLANG_WARN_EMPTY_BODY = YES;
				CLANG_WARN_ENUM_CONVERSION = YES;
				CLANG_WARN_INFINITE_RECURSION = YES;
				CLANG_WARN_INT_CONVERSION = YES;
				CLANG_WARN_NON_LITERAL_NULL_CONVERSION = YES;
				CLANG_WARN_OBJC_IMPLICIT_RETAIN_SELF = YES;
				CLANG_WARN_OBJC_LITERAL_CONVERSION = YES;
				CLANG_WARN_OBJC_ROOT_CLASS = YES_ERROR;
				CLANG_WARN_QUOTED_INCLUDE_IN_FRAMEWORK_HEADER = YES;
				CLANG_WARN_RANGE_LOOP_ANALYSIS = YES;
				CLANG_WARN_STRICT_PROTOTYPES = YES;
				CLANG_WARN_SUSPICIOUS_MOVE = YES;
				CLANG_WARN_UNGUARDED_AVAILABILITY = YES_AGGRESSIVE;
				CLANG_WARN_UNREACHABLE_CODE = YES;
				CLANG_WARN__DUPLICATE_METHOD_MATCH = YES;
				COPY_PHASE_STRIP = NO;
				DEBUG_INFORMATION_FORMAT = dwarf;
				ENABLE_STRICT_OBJC_MSGSEND = YES;
				ENABLE_TESTABILITY = YES;
				ENABLE_USER_SCRIPT_SANDBOXING = NO;
				GCC_C_LANGUAGE_STANDARD = gnu17;
				GCC_DYNAMIC_NO_PIC = NO;
				GCC_NO_COMMON_BLOCKS = YES;
				GCC_OPTIMIZATION_LEVEL = 0;
				GCC_PREPROCESSOR_DEFINITIONS = (
					"DEBUG=1",
					"$(inherited)",
				);
				GCC_WARN_64_TO_32_BIT_CONVERSION = YES;
				GCC_WARN_ABOUT_RETURN_TYPE = YES_ERROR;
				GCC_WARN_UNDECLARED_SELECTOR = YES;
				GCC_WARN_UNINITIALIZED_AUTOS = YES_AGGRESSIVE;
				GCC_WARN_UNUSED_FUNCTION = YES;
				GCC_WARN_UNUSED_VARIABLE = YES;
				IPHONEOS_DEPLOYMENT_TARGET = 16.0;
				LOCALIZATION_PREFERS_STRING_CATALOGS = YES;
				MTL_ENABLE_DEBUG_INFO = INCLUDE_SOURCE;
				MTL_FAST_MATH = YES;
				ONLY_ACTIVE_ARCH = YES;
				SDKROOT = iphoneos;
				SWIFT_ACTIVE_COMPILATION_CONDITIONS = "DEBUG $(inherited)";
				SWIFT_OPTIMIZATION_LEVEL = "-Onone";
			};
			name = Debug;
		};
		F437D1F32C209427005B32DA /* Release */ = {
			isa = XCBuildConfiguration;
			buildSettings = {
				ALWAYS_SEARCH_USER_PATHS = NO;
				ASSETCATALOG_COMPILER_GENERATE_SWIFT_ASSET_SYMBOL_EXTENSIONS = YES;
				CLANG_ANALYZER_NONNULL = YES;
				CLANG_ANALYZER_NUMBER_OBJECT_CONVERSION = YES_AGGRESSIVE;
				CLANG_CXX_LANGUAGE_STANDARD = "gnu++20";
				CLANG_ENABLE_MODULES = YES;
				CLANG_ENABLE_OBJC_ARC = YES;
				CLANG_ENABLE_OBJC_WEAK = YES;
				CLANG_WARN_BLOCK_CAPTURE_AUTORELEASING = YES;
				CLANG_WARN_BOOL_CONVERSION = YES;
				CLANG_WARN_COMMA = YES;
				CLANG_WARN_CONSTANT_CONVERSION = YES;
				CLANG_WARN_DEPRECATED_OBJC_IMPLEMENTATIONS = YES;
				CLANG_WARN_DIRECT_OBJC_ISA_USAGE = YES_ERROR;
				CLANG_WARN_DOCUMENTATION_COMMENTS = YES;
				CLANG_WARN_EMPTY_BODY = YES;
				CLANG_WARN_ENUM_CONVERSION = YES;
				CLANG_WARN_INFINITE_RECURSION = YES;
				CLANG_WARN_INT_CONVERSION = YES;
				CLANG_WARN_NON_LITERAL_NULL_CONVERSION = YES;
				CLANG_WARN_OBJC_IMPLICIT_RETAIN_SELF = YES;
				CLANG_WARN_OBJC_LITERAL_CONVERSION = YES;
				CLANG_WARN_OBJC_ROOT_CLASS = YES_ERROR;
				CLANG_WARN_QUOTED_INCLUDE_IN_FRAMEWORK_HEADER = YES;
				CLANG_WARN_RANGE_LOOP_ANALYSIS = YES;
				CLANG_WARN_STRICT_PROTOTYPES = YES;
				CLANG_WARN_SUSPICIOUS_MOVE = YES;
				CLANG_WARN_UNGUARDED_AVAILABILITY = YES_AGGRESSIVE;
				CLANG_WARN_UNREACHABLE_CODE = YES;
				CLANG_WARN__DUPLICATE_METHOD_MATCH = YES;
				COPY_PHASE_STRIP = NO;
				DEBUG_INFORMATION_FORMAT = "dwarf-with-dsym";
				ENABLE_NS_ASSERTIONS = NO;
				ENABLE_STRICT_OBJC_MSGSEND = YES;
				ENABLE_USER_SCRIPT_SANDBOXING = NO;
				GCC_C_LANGUAGE_STANDARD = gnu17;
				GCC_NO_COMMON_BLOCKS = YES;
				GCC_WARN_64_TO_32_BIT_CONVERSION = YES;
				GCC_WARN_ABOUT_RETURN_TYPE = YES_ERROR;
				GCC_WARN_UNDECLARED_SELECTOR = YES;
				GCC_WARN_UNINITIALIZED_AUTOS = YES_AGGRESSIVE;
				GCC_WARN_UNUSED_FUNCTION = YES;
				GCC_WARN_UNUSED_VARIABLE = YES;
				IPHONEOS_DEPLOYMENT_TARGET = 16.0;
				LOCALIZATION_PREFERS_STRING_CATALOGS = YES;
				MTL_ENABLE_DEBUG_INFO = NO;
				MTL_FAST_MATH = YES;
				SDKROOT = iphoneos;
				SWIFT_COMPILATION_MODE = wholemodule;
				VALIDATE_PRODUCT = YES;
			};
			name = Release;
		};
		F437D1F52C209427005B32DA /* Debug */ = {
			isa = XCBuildConfiguration;
			baseConfigurationReference = 9B1312221D760CB6038D960A /* Pods-To-Do.debug.xcconfig */;
			buildSettings = {
				ASSETCATALOG_COMPILER_APPICON_NAME = AppIcon;
				ASSETCATALOG_COMPILER_GLOBAL_ACCENT_COLOR_NAME = AccentColor;
				CODE_SIGN_STYLE = Automatic;
				CURRENT_PROJECT_VERSION = 1;
				DEVELOPMENT_TEAM = 66QMN95M53;
				GENERATE_INFOPLIST_FILE = YES;
				INFOPLIST_FILE = "To-Do/Resources/Info.plist";
				INFOPLIST_KEY_UIApplicationSupportsIndirectInputEvents = YES;
				INFOPLIST_KEY_UILaunchStoryboardName = LaunchScreen;
				INFOPLIST_KEY_UISupportedInterfaceOrientations = UIInterfaceOrientationPortrait;
				IPHONEOS_DEPLOYMENT_TARGET = 16.0;
				LD_RUNPATH_SEARCH_PATHS = (
					"$(inherited)",
					"@executable_path/Frameworks",
				);
				MARKETING_VERSION = 1.0;
				PRODUCT_BUNDLE_IDENTIFIER = "Blanxxty.To-Do";
				PRODUCT_NAME = "$(TARGET_NAME)";
				SWIFT_EMIT_LOC_STRINGS = YES;
				SWIFT_VERSION = 5.0;
				TARGETED_DEVICE_FAMILY = "1,2";
			};
			name = Debug;
		};
		F437D1F62C209427005B32DA /* Release */ = {
			isa = XCBuildConfiguration;
			baseConfigurationReference = DB17F5D0BC0FD5739A0C25C9 /* Pods-To-Do.release.xcconfig */;
			buildSettings = {
				ASSETCATALOG_COMPILER_APPICON_NAME = AppIcon;
				ASSETCATALOG_COMPILER_GLOBAL_ACCENT_COLOR_NAME = AccentColor;
				CODE_SIGN_STYLE = Automatic;
				CURRENT_PROJECT_VERSION = 1;
				DEVELOPMENT_TEAM = 66QMN95M53;
				GENERATE_INFOPLIST_FILE = YES;
				INFOPLIST_FILE = "To-Do/Resources/Info.plist";
				INFOPLIST_KEY_UIApplicationSupportsIndirectInputEvents = YES;
				INFOPLIST_KEY_UILaunchStoryboardName = LaunchScreen;
				INFOPLIST_KEY_UISupportedInterfaceOrientations = UIInterfaceOrientationPortrait;
				IPHONEOS_DEPLOYMENT_TARGET = 16.0;
				LD_RUNPATH_SEARCH_PATHS = (
					"$(inherited)",
					"@executable_path/Frameworks",
				);
				MARKETING_VERSION = 1.0;
				PRODUCT_BUNDLE_IDENTIFIER = "Blanxxty.To-Do";
				PRODUCT_NAME = "$(TARGET_NAME)";
				SWIFT_EMIT_LOC_STRINGS = YES;
				SWIFT_VERSION = 5.0;
				TARGETED_DEVICE_FAMILY = "1,2";
			};
			name = Release;
		};
/* End XCBuildConfiguration section */

/* Begin XCConfigurationList section */
		F437D1DB2C209424005B32DA /* Build configuration list for PBXProject "To-Do" */ = {
			isa = XCConfigurationList;
			buildConfigurations = (
				F437D1F22C209427005B32DA /* Debug */,
				F437D1F32C209427005B32DA /* Release */,
			);
			defaultConfigurationIsVisible = 0;
			defaultConfigurationName = Release;
		};
		F437D1F42C209427005B32DA /* Build configuration list for PBXNativeTarget "To-Do" */ = {
			isa = XCConfigurationList;
			buildConfigurations = (
				F437D1F52C209427005B32DA /* Debug */,
				F437D1F62C209427005B32DA /* Release */,
			);
			defaultConfigurationIsVisible = 0;
			defaultConfigurationName = Release;
		};
/* End XCConfigurationList section */
	};
	rootObject = F437D1D82C209424005B32DA /* Project object */;
}
